[[package]]
name = "add_liquidity_script"
source = "member"
dependencies = [
    "interfaces",
    "math",
    "std",
    "utils",
]

[[package]]
name = "core"
source = "path+from-root-4BA3A18A2D620E67"

[[package]]
name = "create_pool_and_add_liquidity_script"
source = "member"
dependencies = [
    "interfaces",
    "std",
    "utils",
]

[[package]]
name = "interfaces"
source = "member"
dependencies = ["std"]

[[package]]
name = "math"
source = "member"
dependencies = [
    "interfaces",
    "std",
    "utils",
]

[[package]]
name = "remove_liquidity_script"
source = "member"
dependencies = [
    "interfaces",
    "math",
    "std",
    "utils",
]

[[package]]
name = "std"
source = "git+https://github.com/fuellabs/sway?tag=v0.64.0#2156bfbbee01ffb85bfca2aae8f185f8e7c715a4"
dependencies = ["core"]

[[package]]
name = "swap_exact_input_script"
source = "member"
dependencies = [
    "interfaces",
    "math",
    "std",
    "utils",
]

[[package]]
name = "swap_exact_output_script"
source = "member"
dependencies = [
    "interfaces",
    "math",
    "std",
    "utils",
]

[[package]]
name = "utils"
source = "member"
dependencies = [
    "interfaces",
    "std",
]
